
Microsoft Visual Studio Solution File, Format Version 12.00
# Visual Studio 15
VisualStudioVersion = 15.0.26124.0
MinimumVisualStudioVersion = 15.0.26124.0
Project("{FAE04EC0-301F-11D3-BF4B-00C04F79EFBC}") = "freebyTech.Common.Web", "freebyTech.Common.Web\freebyTech.Common.Web.csproj", "{BFC4EFDD-EDDC-4E83-AEEE-DB7E0A680413}"
EndProject
Project("{FAE04EC0-301F-11D3-BF4B-00C04F79EFBC}") = "freebyTech.Common.Web.Tests", "freebyTech.Common.Web.Tests\freebyTech.Common.Web.Tests.csproj", "{725F55F5-75C2-42A7-A435-AAC2122A5C56}"
EndProject
Global
	GlobalSection(SolutionConfigurationPlatforms) = preSolution
		Debug|Any CPU = Debug|Any CPU
		Debug|x64 = Debug|x64
		Debug|x86 = Debug|x86
		Release|Any CPU = Release|Any CPU
		Release|x64 = Release|x64
		Release|x86 = Release|x86
	EndGlobalSection
	GlobalSection(SolutionProperties) = preSolution
		HideSolutionNode = FALSE
	EndGlobalSection
	GlobalSection(ProjectConfigurationPlatforms) = postSolution
		{BFC4EFDD-EDDC-4E83-AEEE-DB7E0A680413}.Debug|Any CPU.ActiveCfg = Debug|Any CPU
		{BFC4EFDD-EDDC-4E83-AEEE-DB7E0A680413}.Debug|Any CPU.Build.0 = Debug|Any CPU
		{BFC4EFDD-EDDC-4E83-AEEE-DB7E0A680413}.Debug|x64.ActiveCfg = Debug|Any CPU
		{BFC4EFDD-EDDC-4E83-AEEE-DB7E0A680413}.Debug|x64.Build.0 = Debug|Any CPU
		{BFC4EFDD-EDDC-4E83-AEEE-DB7E0A680413}.Debug|x86.ActiveCfg = Debug|Any CPU
		{BFC4EFDD-EDDC-4E83-AEEE-DB7E0A680413}.Debug|x86.Build.0 = Debug|Any CPU
		{BFC4EFDD-EDDC-4E83-AEEE-DB7E0A680413}.Release|Any CPU.ActiveCfg = Release|Any CPU
		{BFC4EFDD-EDDC-4E83-AEEE-DB7E0A680413}.Release|Any CPU.Build.0 = Release|Any CPU
		{BFC4EFDD-EDDC-4E83-AEEE-DB7E0A680413}.Release|x64.ActiveCfg = Release|Any CPU
		{BFC4EFDD-EDDC-4E83-AEEE-DB7E0A680413}.Release|x64.Build.0 = Release|Any CPU
		{BFC4EFDD-EDDC-4E83-AEEE-DB7E0A680413}.Release|x86.ActiveCfg = Release|Any CPU
		{BFC4EFDD-EDDC-4E83-AEEE-DB7E0A680413}.Release|x86.Build.0 = Release|Any CPU
		{725F55F5-75C2-42A7-A435-AAC2122A5C56}.Debug|Any CPU.ActiveCfg = Debug|Any CPU
		{725F55F5-75C2-42A7-A435-AAC2122A5C56}.Debug|Any CPU.Build.0 = Debug|Any CPU
		{725F55F5-75C2-42A7-A435-AAC2122A5C56}.Debug|x64.ActiveCfg = Debug|Any CPU
		{725F55F5-75C2-42A7-A435-AAC2122A5C56}.Debug|x64.Build.0 = Debug|Any CPU
		{725F55F5-75C2-42A7-A435-AAC2122A5C56}.Debug|x86.ActiveCfg = Debug|Any CPU
		{725F55F5-75C2-42A7-A435-AAC2122A5C56}.Debug|x86.Build.0 = Debug|Any CPU
		{725F55F5-75C2-42A7-A435-AAC2122A5C56}.Release|Any CPU.ActiveCfg = Release|Any CPU
		{725F55F5-75C2-42A7-A435-AAC2122A5C56}.Release|Any CPU.Build.0 = Release|Any CPU
		{725F55F5-75C2-42A7-A435-AAC2122A5C56}.Release|x64.ActiveCfg = Release|Any CPU
		{725F55F5-75C2-42A7-A435-AAC2122A5C56}.Release|x64.Build.0 = Release|Any CPU
		{725F55F5-75C2-42A7-A435-AAC2122A5C56}.Release|x86.ActiveCfg = Release|Any CPU
		{725F55F5-75C2-42A7-A435-AAC2122A5C56}.Release|x86.Build.0 = Release|Any CPU
	EndGlobalSection
EndGlobal
